
Microsoft Visual Studio Solution File, Format Version 13.00
# Visual Studio 2015
VisualStudioVersion = 13.0
MinimumVisualStudioVersion = 10.0.40219.1
Project("{FAE04EC0-301F-11D3-BF4B-00C04F79EFBC}") = "BIF-SWE1.UnitTests", "BIF-SWE1.UnitTests\BIF-SWE1.UnitTests.csproj", "{6B6F4CDB-461C-4C8D-A5D5-BC2BDBC57D99}"
EndProject
Project("{FAE04EC0-301F-11D3-BF4B-00C04F79EFBC}") = "BIF-SWE1.Interfaces", "BIF-SWE1.Interfaces\BIF-SWE1.Interfaces.csproj", "{27C44945-CB10-48BF-AD69-457D496B32A2}"
EndProject
Global
	GlobalSection(SolutionConfigurationPlatforms) = preSolution
		Debug|Any CPU = Debug|Any CPU
		Release|Any CPU = Release|Any CPU
	EndGlobalSection
	GlobalSection(ProjectConfigurationPlatforms) = postSolution
		{6B6F4CDB-461C-4C8D-A5D5-BC2BDBC57D99}.Debug|Any CPU.ActiveCfg = Debug|Any CPU
		{6B6F4CDB-461C-4C8D-A5D5-BC2BDBC57D99}.Debug|Any CPU.Build.0 = Debug|Any CPU
		{6B6F4CDB-461C-4C8D-A5D5-BC2BDBC57D99}.Release|Any CPU.ActiveCfg = Release|Any CPU
		{6B6F4CDB-461C-4C8D-A5D5-BC2BDBC57D99}.Release|Any CPU.Build.0 = Release|Any CPU
		{27C44945-CB10-48BF-AD69-457D496B32A2}.Debug|Any CPU.ActiveCfg = Debug|Any CPU
		{27C44945-CB10-48BF-AD69-457D496B32A2}.Debug|Any CPU.Build.0 = Debug|Any CPU
		{27C44945-CB10-48BF-AD69-457D496B32A2}.Release|Any CPU.ActiveCfg = Release|Any CPU
		{27C44945-CB10-48BF-AD69-457D496B32A2}.Release|Any CPU.Build.0 = Release|Any CPU
	EndGlobalSection
	GlobalSection(SolutionProperties) = preSolution
		HideSolutionNode = FALSE
	EndGlobalSection
EndGlobal
